PODS:
  - GGToolKit (1.0.1):
    - Masonry (~> 1.0)
  - Masonry (1.1.0)

DEPENDENCIES:
  - GGToolKit (from `../`)

SPEC REPOS:
  trunk:
    - Masonry

EXTERNAL SOURCES:
  GGToolKit:
    :path: "../"

SPEC CHECKSUMS:
  GGToolKit: 0b63676312a1cee44097dc690686127a8bdb4f76
  Masonry: 678fab65091a9290e40e2832a55e7ab731aad201

PODFILE CHECKSUM: fa45b9048c1ea61bf70b2b16f47815d3ce7173d8

COCOAPODS: 1.12.1
